
Microsoft Visual Studio Solution File, Format Version 12.00
Project("{FAE04EC0-301F-11D3-BF4B-00C04F79EFBC}") = "MiniMaxSum", "MiniMaxSum\MiniMaxSum.csproj", "{E0DBC05B-B6D9-47C8-BDB8-AED9112CFB81}"
EndProject
Project("{FAE04EC0-301F-11D3-BF4B-00C04F79EFBC}") = "BirthdayCakeCandles", "BirthdayCakeCandles\BirthdayCakeCandles.csproj", "{71040BCE-A2F4-4DFF-9DEA-77555F3739EC}"
EndProject
Project("{FAE04EC0-301F-11D3-BF4B-00C04F79EFBC}") = "TimeConversion", "TimeConversion\TimeConversion.csproj", "{1F158EC0-21CB-4841-A41D-917A4CC7C4A1}"
EndProject
Project("{FAE04EC0-301F-11D3-BF4B-00C04F79EFBC}") = "GradingStudents", "GradingStudents\GradingStudents.csproj", "{7282A78A-E061-49FA-899F-65A78439DDAD}"
EndProject
Project("{FAE04EC0-301F-11D3-BF4B-00C04F79EFBC}") = "ApplesAndOranges", "ApplesAndOranges\ApplesAndOranges.csproj", "{A459626E-55F1-4541-A000-15159BB50774}"
EndProject
Project("{FAE04EC0-301F-11D3-BF4B-00C04F79EFBC}") = "Kangaroo", "Kangaroo\Kangaroo.csproj", "{8E9F98BC-5BD3-4C6F-BD81-3203122F54C5}"
EndProject
Project("{FAE04EC0-301F-11D3-BF4B-00C04F79EFBC}") = "JobsityTest", "JobsityTest\JobsityTest.csproj", "{A42D784A-9C57-4E85-9466-68C60B0767C0}"
EndProject
Global
	GlobalSection(SolutionConfigurationPlatforms) = preSolution
		Debug|Any CPU = Debug|Any CPU
		Release|Any CPU = Release|Any CPU
	EndGlobalSection
	GlobalSection(ProjectConfigurationPlatforms) = postSolution
		{E0DBC05B-B6D9-47C8-BDB8-AED9112CFB81}.Debug|Any CPU.ActiveCfg = Debug|Any CPU
		{E0DBC05B-B6D9-47C8-BDB8-AED9112CFB81}.Debug|Any CPU.Build.0 = Debug|Any CPU
		{E0DBC05B-B6D9-47C8-BDB8-AED9112CFB81}.Release|Any CPU.ActiveCfg = Release|Any CPU
		{E0DBC05B-B6D9-47C8-BDB8-AED9112CFB81}.Release|Any CPU.Build.0 = Release|Any CPU
		{71040BCE-A2F4-4DFF-9DEA-77555F3739EC}.Debug|Any CPU.ActiveCfg = Debug|Any CPU
		{71040BCE-A2F4-4DFF-9DEA-77555F3739EC}.Debug|Any CPU.Build.0 = Debug|Any CPU
		{71040BCE-A2F4-4DFF-9DEA-77555F3739EC}.Release|Any CPU.ActiveCfg = Release|Any CPU
		{71040BCE-A2F4-4DFF-9DEA-77555F3739EC}.Release|Any CPU.Build.0 = Release|Any CPU
		{1F158EC0-21CB-4841-A41D-917A4CC7C4A1}.Debug|Any CPU.ActiveCfg = Debug|Any CPU
		{1F158EC0-21CB-4841-A41D-917A4CC7C4A1}.Debug|Any CPU.Build.0 = Debug|Any CPU
		{1F158EC0-21CB-4841-A41D-917A4CC7C4A1}.Release|Any CPU.ActiveCfg = Release|Any CPU
		{1F158EC0-21CB-4841-A41D-917A4CC7C4A1}.Release|Any CPU.Build.0 = Release|Any CPU
		{7282A78A-E061-49FA-899F-65A78439DDAD}.Debug|Any CPU.ActiveCfg = Debug|Any CPU
		{7282A78A-E061-49FA-899F-65A78439DDAD}.Debug|Any CPU.Build.0 = Debug|Any CPU
		{7282A78A-E061-49FA-899F-65A78439DDAD}.Release|Any CPU.ActiveCfg = Release|Any CPU
		{7282A78A-E061-49FA-899F-65A78439DDAD}.Release|Any CPU.Build.0 = Release|Any CPU
		{A459626E-55F1-4541-A000-15159BB50774}.Debug|Any CPU.ActiveCfg = Debug|Any CPU
		{A459626E-55F1-4541-A000-15159BB50774}.Debug|Any CPU.Build.0 = Debug|Any CPU
		{A459626E-55F1-4541-A000-15159BB50774}.Release|Any CPU.ActiveCfg = Release|Any CPU
		{A459626E-55F1-4541-A000-15159BB50774}.Release|Any CPU.Build.0 = Release|Any CPU
		{8E9F98BC-5BD3-4C6F-BD81-3203122F54C5}.Debug|Any CPU.ActiveCfg = Debug|Any CPU
		{8E9F98BC-5BD3-4C6F-BD81-3203122F54C5}.Debug|Any CPU.Build.0 = Debug|Any CPU
		{8E9F98BC-5BD3-4C6F-BD81-3203122F54C5}.Release|Any CPU.ActiveCfg = Release|Any CPU
		{8E9F98BC-5BD3-4C6F-BD81-3203122F54C5}.Release|Any CPU.Build.0 = Release|Any CPU
		{A42D784A-9C57-4E85-9466-68C60B0767C0}.Debug|Any CPU.ActiveCfg = Debug|Any CPU
		{A42D784A-9C57-4E85-9466-68C60B0767C0}.Debug|Any CPU.Build.0 = Debug|Any CPU
		{A42D784A-9C57-4E85-9466-68C60B0767C0}.Release|Any CPU.ActiveCfg = Release|Any CPU
		{A42D784A-9C57-4E85-9466-68C60B0767C0}.Release|Any CPU.Build.0 = Release|Any CPU
	EndGlobalSection
EndGlobal
